
Microsoft Visual Studio Solution File, Format Version 12.00
# Visual Studio Version 17
VisualStudioVersion = 17.9.34728.123
MinimumVisualStudioVersion = 10.0.40219.1
Project("{FAE04EC0-301F-11D3-BF4B-00C04F79EFBC}") = "MakingGUI", "MakingGUI\MakingGUI.csproj", "{1472A55E-E278-423C-8193-F03F246EDBAA}"
EndProject
Global
	GlobalSection(SolutionConfigurationPlatforms) = preSolution
		Debug|Any CPU = Debug|Any CPU
		Release|Any CPU = Release|Any CPU
	EndGlobalSection
	GlobalSection(ProjectConfigurationPlatforms) = postSolution
		{1472A55E-E278-423C-8193-F03F246EDBAA}.Debug|Any CPU.ActiveCfg = Debug|Any CPU
		{1472A55E-E278-423C-8193-F03F246EDBAA}.Debug|Any CPU.Build.0 = Debug|Any CPU
		{1472A55E-E278-423C-8193-F03F246EDBAA}.Release|Any CPU.ActiveCfg = Release|Any CPU
		{1472A55E-E278-423C-8193-F03F246EDBAA}.Release|Any CPU.Build.0 = Release|Any CPU
	EndGlobalSection
	GlobalSection(SolutionProperties) = preSolution
		HideSolutionNode = FALSE
	EndGlobalSection
	GlobalSection(ExtensibilityGlobals) = postSolution
		SolutionGuid = {C613AC8A-E5CC-47CE-B367-7AA85E16B5E7}
	EndGlobalSection
EndGlobal
